{
  "nodes": {
    "amded": {
      "flake": false,
      "locked": {
        "lastModified": 1672692393,
        "narHash": "sha256-7R98XfrraAzqdnPlkewfw5FGNFQHasa5OwJIqLFvvW4=",
        "owner": "ft",
        "repo": "amded",
        "rev": "65609e6ed7b4045c4637abcb123f6edc5d34027b",
        "type": "github"
      },
      "original": {
        "owner": "ft",
        "repo": "amded",
        "type": "github"
      }
    },
    "eldev": {
      "flake": false,
      "locked": {
        "lastModified": 1671484062,
        "narHash": "sha256-CIaSWt8oP5nh8LPT+2SphZgYJXFRIdfGLHk0znyBOZM=",
        "owner": "doublep",
        "repo": "eldev",
        "rev": "870ca147d26a4da76828c50b5f4a3d82b51fe43f",
        "type": "github"
      },
      "original": {
        "owner": "doublep",
        "ref": "1.3.1",
        "repo": "eldev",
        "type": "github"
      }
    },
    "emacs-overlay": {
      "inputs": {
        "flake-utils": "flake-utils",
        "nixpkgs": [
          "nixpkgs"
        ]
      },
      "locked": {
        "lastModified": 1664360378,
        "narHash": "sha256-s+xni75uubbs7nc+X9zb8viBQcv/WgrO4Y/xZt5Zopo=",
        "owner": "nix-community",
        "repo": "emacs-overlay",
        "rev": "74d82923d5575583e4a12bded5b05685b4d94bf1",
        "type": "github"
      },
      "original": {
        "id": "emacs-overlay",
        "type": "indirect"
      }
    },
    "flake-utils": {
      "locked": {
        "lastModified": 1659877975,
        "narHash": "sha256-zllb8aq3YO3h8B/U0/J1WBgAL8EX5yWf5pMj3G0NAmc=",
        "owner": "numtide",
        "repo": "flake-utils",
        "rev": "c0e246b9b83f637f4681389ecabcb2681b4f3af0",
        "type": "github"
      },
      "original": {
        "owner": "numtide",
        "repo": "flake-utils",
        "type": "github"
      }
    },
    "nixpkgs": {
      "locked": {
        "lastModified": 0,
        "narHash": "sha256-2f5NzHbi1NLSYnDg6cRu25B+XRxqngicvggg+0GgKHI=",
        "path": "/nix/store/ps7746rfm0is1rl5mgsq6q3yd9c0qbfn-source",
        "type": "path"
      },
      "original": {
        "id": "nixpkgs",
        "type": "indirect"
      }
    },
    "root": {
      "inputs": {
        "amded": "amded",
        "eldev": "eldev",
        "emacs-overlay": "emacs-overlay",
        "nixpkgs": "nixpkgs"
      }
    }
  },
  "root": "root",
  "version": 7
}
